// !$*UTF8*$!
{
	archiveVersion = 1;
	classes = {
	};
	objectVersion = 46;
	objects = {

/* Begin PBXBuildFile section */
		174F170C1F50651B00382C2B /* AppDelegate.swift in Sources */ = {isa = PBXBuildFile; fileRef = 174F170B1F50651B00382C2B /* AppDelegate.swift */; };
		174F170E1F50651B00382C2B /* TopViewController.swift in Sources */ = {isa = PBXBuildFile; fileRef = 174F170D1F50651B00382C2B /* TopViewController.swift */; };
		174F17111F50651B00382C2B /* Main.storyboard in Resources */ = {isa = PBXBuildFile; fileRef = 174F170F1F50651B00382C2B /* Main.storyboard */; };
		174F17131F50651B00382C2B /* Assets.xcassets in Resources */ = {isa = PBXBuildFile; fileRef = 174F17121F50651B00382C2B /* Assets.xcassets */; };
		174F17161F50651B00382C2B /* LaunchScreen.storyboard in Resources */ = {isa = PBXBuildFile; fileRef = 174F17141F50651B00382C2B /* LaunchScreen.storyboard */; };
		174F17211F50651B00382C2B /* ChalieViceTests.swift in Sources */ = {isa = PBXBuildFile; fileRef = 174F17201F50651B00382C2B /* ChalieViceTests.swift */; };
		174F172C1F50651B00382C2B /* ChalieViceUITests.swift in Sources */ = {isa = PBXBuildFile; fileRef = 174F172B1F50651B00382C2B /* ChalieViceUITests.swift */; };
		174F17481F506A4D00382C2B /* Group 11.png in Resources */ = {isa = PBXBuildFile; fileRef = 174F173A1F506A4D00382C2B /* Group 11.png */; };
		174F17491F506A4D00382C2B /* Group 12.png in Resources */ = {isa = PBXBuildFile; fileRef = 174F173B1F506A4D00382C2B /* Group 12.png */; };
		174F174A1F506A4D00382C2B /* Group 13.png in Resources */ = {isa = PBXBuildFile; fileRef = 174F173C1F506A4D00382C2B /* Group 13.png */; };
		174F174B1F506A4D00382C2B /* Group 14.png in Resources */ = {isa = PBXBuildFile; fileRef = 174F173D1F506A4D00382C2B /* Group 14.png */; };
		174F174C1F506A4D00382C2B /* Group 15.png in Resources */ = {isa = PBXBuildFile; fileRef = 174F173E1F506A4D00382C2B /* Group 15.png */; };
		174F174D1F506A4D00382C2B /* Group 16.png in Resources */ = {isa = PBXBuildFile; fileRef = 174F173F1F506A4D00382C2B /* Group 16.png */; };
		174F174E1F506A4D00382C2B /* Group 17.png in Resources */ = {isa = PBXBuildFile; fileRef = 174F17401F506A4D00382C2B /* Group 17.png */; };
		174F174F1F506A4D00382C2B /* Group 18.png in Resources */ = {isa = PBXBuildFile; fileRef = 174F17411F506A4D00382C2B /* Group 18.png */; };
		174F17501F506A4D00382C2B /* Group 19.png in Resources */ = {isa = PBXBuildFile; fileRef = 174F17421F506A4D00382C2B /* Group 19.png */; };
		174F17511F506A4D00382C2B /* Group 2.png in Resources */ = {isa = PBXBuildFile; fileRef = 174F17431F506A4D00382C2B /* Group 2.png */; };
		174F17521F506A4D00382C2B /* Group 3.png in Resources */ = {isa = PBXBuildFile; fileRef = 174F17441F506A4D00382C2B /* Group 3.png */; };
		174F17531F506A4D00382C2B /* Group 4.png in Resources */ = {isa = PBXBuildFile; fileRef = 174F17451F506A4D00382C2B /* Group 4.png */; };
		174F17541F506A4D00382C2B /* Group.png in Resources */ = {isa = PBXBuildFile; fileRef = 174F17461F506A4D00382C2B /* Group.png */; };
		174F17551F506A4D00382C2B /* logo.png in Resources */ = {isa = PBXBuildFile; fileRef = 174F17471F506A4D00382C2B /* logo.png */; };
		174F17581F507B0600382C2B /* about_movie.png in Resources */ = {isa = PBXBuildFile; fileRef = 174F17571F507B0600382C2B /* about_movie.png */; };
		174F175A1F507BEA00382C2B /* AboutViewController.swift in Sources */ = {isa = PBXBuildFile; fileRef = 174F17591F507BEA00382C2B /* AboutViewController.swift */; };
		179342481F5084DA005EC910 /* signature.png in Resources */ = {isa = PBXBuildFile; fileRef = 179342471F5084DA005EC910 /* signature.png */; };
		1793424B1F509114005EC910 /* item_sample.png in Resources */ = {isa = PBXBuildFile; fileRef = 179342491F509114005EC910 /* item_sample.png */; };
		1793424C1F509114005EC910 /* magazine_and_event_sample.png in Resources */ = {isa = PBXBuildFile; fileRef = 1793424A1F509114005EC910 /* magazine_and_event_sample.png */; };
		1793424E1F50934E005EC910 /* MagazineViewController.swift in Sources */ = {isa = PBXBuildFile; fileRef = 1793424D1F50934E005EC910 /* MagazineViewController.swift */; };
		179342501F5093E8005EC910 /* EventViewController.swift in Sources */ = {isa = PBXBuildFile; fileRef = 1793424F1F5093E8005EC910 /* EventViewController.swift */; };
		179342521F509404005EC910 /* ItemViewController.swift in Sources */ = {isa = PBXBuildFile; fileRef = 179342511F509404005EC910 /* ItemViewController.swift */; };
		17B619FD1F514B8C004CA2FD /* ViewController.swift in Sources */ = {isa = PBXBuildFile; fileRef = 17B619FC1F514B8C004CA2FD /* ViewController.swift */; };
/* End PBXBuildFile section */

/* Begin PBXBuildRule section */
		174F17561F506BD700382C2B /* PBXBuildRule */ = {
			isa = PBXBuildRule;
			compilerSpec = com.apple.compilers.proxy.script;
			fileType = pattern.proxy;
			isEditable = 1;
			outputFiles = (
			);
		};
/* End PBXBuildRule section */

/* Begin PBXContainerItemProxy section */
		174F171D1F50651B00382C2B /* PBXContainerItemProxy */ = {
			isa = PBXContainerItemProxy;
			containerPortal = 174F17001F50651B00382C2B /* Project object */;
			proxyType = 1;
			remoteGlobalIDString = 174F17071F50651B00382C2B;
			remoteInfo = ChalieVice;
		};
		174F17281F50651B00382C2B /* PBXContainerItemProxy */ = {
			isa = PBXContainerItemProxy;
			containerPortal = 174F17001F50651B00382C2B /* Project object */;
			proxyType = 1;
			remoteGlobalIDString = 174F17071F50651B00382C2B;
			remoteInfo = ChalieVice;
		};
/* End PBXContainerItemProxy section */

/* Begin PBXFileReference section */
		174F17081F50651B00382C2B /* ChalieVice.app */ = {isa = PBXFileReference; explicitFileType = wrapper.application; includeInIndex = 0; path = ChalieVice.app; sourceTree = BUILT_PRODUCTS_DIR; };
		174F170B1F50651B00382C2B /* AppDelegate.swift */ = {isa = PBXFileReference; lastKnownFileType = sourcecode.swift; path = AppDelegate.swift; sourceTree = "<group>"; };
		174F170D1F50651B00382C2B /* TopViewController.swift */ = {isa = PBXFileReference; lastKnownFileType = sourcecode.swift; path = TopViewController.swift; sourceTree = "<group>"; };
		174F17101F50651B00382C2B /* Base */ = {isa = PBXFileReference; lastKnownFileType = file.storyboard; name = Base; path = Base.lproj/Main.storyboard; sourceTree = "<group>"; };
		174F17121F50651B00382C2B /* Assets.xcassets */ = {isa = PBXFileReference; lastKnownFileType = folder.assetcatalog; path = Assets.xcassets; sourceTree = "<group>"; };
		174F17151F50651B00382C2B /* Base */ = {isa = PBXFileReference; lastKnownFileType = file.storyboard; name = Base; path = Base.lproj/LaunchScreen.storyboard; sourceTree = "<group>"; };
		174F17171F50651B00382C2B /* Info.plist */ = {isa = PBXFileReference; lastKnownFileType = text.plist.xml; path = Info.plist; sourceTree = "<group>"; };
		174F171C1F50651B00382C2B /* ChalieViceTests.xctest */ = {isa = PBXFileReference; explicitFileType = wrapper.cfbundle; includeInIndex = 0; path = ChalieViceTests.xctest; sourceTree = BUILT_PRODUCTS_DIR; };
		174F17201F50651B00382C2B /* ChalieViceTests.swift */ = {isa = PBXFileReference; lastKnownFileType = sourcecode.swift; path = ChalieViceTests.swift; sourceTree = "<group>"; };
		174F17221F50651B00382C2B /* Info.plist */ = {isa = PBXFileReference; lastKnownFileType = text.plist.xml; path = Info.plist; sourceTree = "<group>"; };
		174F17271F50651B00382C2B /* ChalieViceUITests.xctest */ = {isa = PBXFileReference; explicitFileType = wrapper.cfbundle; includeInIndex = 0; path = ChalieViceUITests.xctest; sourceTree = BUILT_PRODUCTS_DIR; };
		174F172B1F50651B00382C2B /* ChalieViceUITests.swift */ = {isa = PBXFileReference; lastKnownFileType = sourcecode.swift; path = ChalieViceUITests.swift; sourceTree = "<group>"; };
		174F172D1F50651B00382C2B /* Info.plist */ = {isa = PBXFileReference; lastKnownFileType = text.plist.xml; path = Info.plist; sourceTree = "<group>"; };
		174F173A1F506A4D00382C2B /* Group 11.png */ = {isa = PBXFileReference; lastKnownFileType = image.png; path = "Group 11.png"; sourceTree = "<group>"; };
		174F173B1F506A4D00382C2B /* Group 12.png */ = {isa = PBXFileReference; lastKnownFileType = image.png; path = "Group 12.png"; sourceTree = "<group>"; };
		174F173C1F506A4D00382C2B /* Group 13.png */ = {isa = PBXFileReference; lastKnownFileType = image.png; path = "Group 13.png"; sourceTree = "<group>"; };
		174F173D1F506A4D00382C2B /* Group 14.png */ = {isa = PBXFileReference; lastKnownFileType = image.png; path = "Group 14.png"; sourceTree = "<group>"; };
		174F173E1F506A4D00382C2B /* Group 15.png */ = {isa = PBXFileReference; lastKnownFileType = image.png; path = "Group 15.png"; sourceTree = "<group>"; };
		174F173F1F506A4D00382C2B /* Group 16.png */ = {isa = PBXFileReference; lastKnownFileType = image.png; path = "Group 16.png"; sourceTree = "<group>"; };
		174F17401F506A4D00382C2B /* Group 17.png */ = {isa = PBXFileReference; lastKnownFileType = image.png; path = "Group 17.png"; sourceTree = "<group>"; };
		174F17411F506A4D00382C2B /* Group 18.png */ = {isa = PBXFileReference; lastKnownFileType = image.png; path = "Group 18.png"; sourceTree = "<group>"; };
		174F17421F506A4D00382C2B /* Group 19.png */ = {isa = PBXFileReference; lastKnownFileType = image.png; path = "Group 19.png"; sourceTree = "<group>"; };
		174F17431F506A4D00382C2B /* Group 2.png */ = {isa = PBXFileReference; lastKnownFileType = image.png; path = "Group 2.png"; sourceTree = "<group>"; };
		174F17441F506A4D00382C2B /* Group 3.png */ = {isa = PBXFileReference; lastKnownFileType = image.png; path = "Group 3.png"; sourceTree = "<group>"; };
		174F17451F506A4D00382C2B /* Group 4.png */ = {isa = PBXFileReference; lastKnownFileType = image.png; path = "Group 4.png"; sourceTree = "<group>"; };
		174F17461F506A4D00382C2B /* Group.png */ = {isa = PBXFileReference; lastKnownFileType = image.png; path = Group.png; sourceTree = "<group>"; };
		174F17471F506A4D00382C2B /* logo.png */ = {isa = PBXFileReference; lastKnownFileType = image.png; path = logo.png; sourceTree = "<group>"; };
		174F17571F507B0600382C2B /* about_movie.png */ = {isa = PBXFileReference; lastKnownFileType = image.png; path = about_movie.png; sourceTree = "<group>"; };
		174F17591F507BEA00382C2B /* AboutViewController.swift */ = {isa = PBXFileReference; fileEncoding = 4; lastKnownFileType = sourcecode.swift; path = AboutViewController.swift; sourceTree = "<group>"; };
		179342471F5084DA005EC910 /* signature.png */ = {isa = PBXFileReference; lastKnownFileType = image.png; path = signature.png; sourceTree = "<group>"; };
		179342491F509114005EC910 /* item_sample.png */ = {isa = PBXFileReference; lastKnownFileType = image.png; path = item_sample.png; sourceTree = "<group>"; };
		1793424A1F509114005EC910 /* magazine_and_event_sample.png */ = {isa = PBXFileReference; lastKnownFileType = image.png; path = magazine_and_event_sample.png; sourceTree = "<group>"; };
		1793424D1F50934E005EC910 /* MagazineViewController.swift */ = {isa = PBXFileReference; fileEncoding = 4; lastKnownFileType = sourcecode.swift; path = MagazineViewController.swift; sourceTree = "<group>"; };
		1793424F1F5093E8005EC910 /* EventViewController.swift */ = {isa = PBXFileReference; fileEncoding = 4; lastKnownFileType = sourcecode.swift; path = EventViewController.swift; sourceTree = "<group>"; };
		179342511F509404005EC910 /* ItemViewController.swift */ = {isa = PBXFileReference; fileEncoding = 4; lastKnownFileType = sourcecode.swift; path = ItemViewController.swift; sourceTree = "<group>"; };
		17B619FC1F514B8C004CA2FD /* ViewController.swift */ = {isa = PBXFileReference; fileEncoding = 4; lastKnownFileType = sourcecode.swift; path = ViewController.swift; sourceTree = "<group>"; };
/* End PBXFileReference section */

/* Begin PBXFrameworksBuildPhase section */
		174F17051F50651B00382C2B /* Frameworks */ = {
			isa = PBXFrameworksBuildPhase;
			buildActionMask = 2147483647;
			files = (
			);
			runOnlyForDeploymentPostprocessing = 0;
		};
		174F17191F50651B00382C2B /* Frameworks */ = {
			isa = PBXFrameworksBuildPhase;
			buildActionMask = 2147483647;
			files = (
			);
			runOnlyForDeploymentPostprocessing = 0;
		};
		174F17241F50651B00382C2B /* Frameworks */ = {
			isa = PBXFrameworksBuildPhase;
			buildActionMask = 2147483647;
			files = (
			);
			runOnlyForDeploymentPostprocessing = 0;
		};
/* End PBXFrameworksBuildPhase section */

/* Begin PBXGroup section */
		174F16FF1F50651B00382C2B = {
			isa = PBXGroup;
			children = (
				174F170A1F50651B00382C2B /* ChalieVice */,
				174F171F1F50651B00382C2B /* ChalieViceTests */,
				174F172A1F50651B00382C2B /* ChalieViceUITests */,
				174F17091F50651B00382C2B /* Products */,
			);
			sourceTree = "<group>";
		};
		174F17091F50651B00382C2B /* Products */ = {
			isa = PBXGroup;
			children = (
				174F17081F50651B00382C2B /* ChalieVice.app */,
				174F171C1F50651B00382C2B /* ChalieViceTests.xctest */,
				174F17271F50651B00382C2B /* ChalieViceUITests.xctest */,
			);
			name = Products;
			sourceTree = "<group>";
		};
		174F170A1F50651B00382C2B /* ChalieVice */ = {
			isa = PBXGroup;
			children = (
				174F17391F506A4D00382C2B /* images */,
				174F170B1F50651B00382C2B /* AppDelegate.swift */,
				174F170D1F50651B00382C2B /* TopViewController.swift */,
				17B619FC1F514B8C004CA2FD /* ViewController.swift */,
				174F170F1F50651B00382C2B /* Main.storyboard */,
				174F17591F507BEA00382C2B /* AboutViewController.swift */,
				1793424F1F5093E8005EC910 /* EventViewController.swift */,
				179342511F509404005EC910 /* ItemViewController.swift */,
				1793424D1F50934E005EC910 /* MagazineViewController.swift */,
				174F17121F50651B00382C2B /* Assets.xcassets */,
				174F17141F50651B00382C2B /* LaunchScreen.storyboard */,
				174F17171F50651B00382C2B /* Info.plist */,
			);
			path = ChalieVice;
			sourceTree = "<group>";
		};
		174F171F1F50651B00382C2B /* ChalieViceTests */ = {
			isa = PBXGroup;
			children = (
				174F17201F50651B00382C2B /* ChalieViceTests.swift */,
				174F17221F50651B00382C2B /* Info.plist */,
			);
			path = ChalieViceTests;
			sourceTree = "<group>";
		};
		174F172A1F50651B00382C2B /* ChalieViceUITests */ = {
			isa = PBXGroup;
			children = (
				174F172B1F50651B00382C2B /* ChalieViceUITests.swift */,
				174F172D1F50651B00382C2B /* Info.plist */,
			);
			path = ChalieViceUITests;
			sourceTree = "<group>";
		};
		174F17391F506A4D00382C2B /* images */ = {
			isa = PBXGroup;
			children = (
				174F173A1F506A4D00382C2B /* Group 11.png */,
				174F173B1F506A4D00382C2B /* Group 12.png */,
				174F173C1F506A4D00382C2B /* Group 13.png */,
				174F173D1F506A4D00382C2B /* Group 14.png */,
				174F17571F507B0600382C2B /* about_movie.png */,
				174F173E1F506A4D00382C2B /* Group 15.png */,
				174F173F1F506A4D00382C2B /* Group 16.png */,
				174F17401F506A4D00382C2B /* Group 17.png */,
				179342491F509114005EC910 /* item_sample.png */,
				1793424A1F509114005EC910 /* magazine_and_event_sample.png */,
				174F17411F506A4D00382C2B /* Group 18.png */,
				179342471F5084DA005EC910 /* signature.png */,
				174F17421F506A4D00382C2B /* Group 19.png */,
				174F17431F506A4D00382C2B /* Group 2.png */,
				174F17441F506A4D00382C2B /* Group 3.png */,
				174F17451F506A4D00382C2B /* Group 4.png */,
				174F17461F506A4D00382C2B /* Group.png */,
				174F17471F506A4D00382C2B /* logo.png */,
			);
			path = images;
			sourceTree = "<group>";
		};
/* End PBXGroup section */

/* Begin PBXNativeTarget section */
		174F17071F50651B00382C2B /* ChalieVice */ = {
			isa = PBXNativeTarget;
			buildConfigurationList = 174F17301F50651B00382C2B /* Build configuration list for PBXNativeTarget "ChalieVice" */;
			buildPhases = (
				174F17041F50651B00382C2B /* Sources */,
				174F17051F50651B00382C2B /* Frameworks */,
				174F17061F50651B00382C2B /* Resources */,
			);
			buildRules = (
				174F17561F506BD700382C2B /* PBXBuildRule */,
			);
			dependencies = (
			);
			name = ChalieVice;
			productName = ChalieVice;
			productReference = 174F17081F50651B00382C2B /* ChalieVice.app */;
			productType = "com.apple.product-type.application";
		};
		174F171B1F50651B00382C2B /* ChalieViceTests */ = {
			isa = PBXNativeTarget;
			buildConfigurationList = 174F17331F50651B00382C2B /* Build configuration list for PBXNativeTarget "ChalieViceTests" */;
			buildPhases = (
				174F17181F50651B00382C2B /* Sources */,
				174F17191F50651B00382C2B /* Frameworks */,
				174F171A1F50651B00382C2B /* Resources */,
			);
			buildRules = (
			);
			dependencies = (
				174F171E1F50651B00382C2B /* PBXTargetDependency */,
			);
			name = ChalieViceTests;
			productName = ChalieViceTests;
			productReference = 174F171C1F50651B00382C2B /* ChalieViceTests.xctest */;
			productType = "com.apple.product-type.bundle.unit-test";
		};
		174F17261F50651B00382C2B /* ChalieViceUITests */ = {
			isa = PBXNativeTarget;
			buildConfigurationList = 174F17361F50651B00382C2B /* Build configuration list for PBXNativeTarget "ChalieViceUITests" */;
			buildPhases = (
				174F17231F50651B00382C2B /* Sources */,
				174F17241F50651B00382C2B /* Frameworks */,
				174F17251F50651B00382C2B /* Resources */,
			);
			buildRules = (
			);
			dependencies = (
				174F17291F50651B00382C2B /* PBXTargetDependency */,
			);
			name = ChalieViceUITests;
			productName = ChalieViceUITests;
			productReference = 174F17271F50651B00382C2B /* ChalieViceUITests.xctest */;
			productType = "com.apple.product-type.bundle.ui-testing";
		};
/* End PBXNativeTarget section */

/* Begin PBXProject section */
		174F17001F50651B00382C2B /* Project object */ = {
			isa = PBXProject;
			attributes = {
				LastSwiftUpdateCheck = 0830;
				LastUpgradeCheck = 0830;
				ORGANIZATIONNAME = LiveArts;
				TargetAttributes = {
					174F17071F50651B00382C2B = {
						CreatedOnToolsVersion = 8.3.3;
						ProvisioningStyle = Automatic;
					};
					174F171B1F50651B00382C2B = {
						CreatedOnToolsVersion = 8.3.3;
						ProvisioningStyle = Automatic;
						TestTargetID = 174F17071F50651B00382C2B;
					};
					174F17261F50651B00382C2B = {
						CreatedOnToolsVersion = 8.3.3;
						ProvisioningStyle = Automatic;
						TestTargetID = 174F17071F50651B00382C2B;
					};
				};
			};
			buildConfigurationList = 174F17031F50651B00382C2B /* Build configuration list for PBXProject "ChalieVice" */;
			compatibilityVersion = "Xcode 3.2";
			developmentRegion = English;
			hasScannedForEncodings = 0;
			knownRegions = (
				en,
				Base,
			);
			mainGroup = 174F16FF1F50651B00382C2B;
			productRefGroup = 174F17091F50651B00382C2B /* Products */;
			projectDirPath = "";
			projectRoot = "";
			targets = (
				174F17071F50651B00382C2B /* ChalieVice */,
				174F171B1F50651B00382C2B /* ChalieViceTests */,
				174F17261F50651B00382C2B /* ChalieViceUITests */,
			);
		};
/* End PBXProject section */

/* Begin PBXResourcesBuildPhase section */
		174F17061F50651B00382C2B /* Resources */ = {
			isa = PBXResourcesBuildPhase;
			buildActionMask = 2147483647;
			files = (
				174F17521F506A4D00382C2B /* Group 3.png in Resources */,
				174F174D1F506A4D00382C2B /* Group 16.png in Resources */,
				1793424B1F509114005EC910 /* item_sample.png in Resources */,
				174F174F1F506A4D00382C2B /* Group 18.png in Resources */,
				174F174A1F506A4D00382C2B /* Group 13.png in Resources */,
				174F174E1F506A4D00382C2B /* Group 17.png in Resources */,
				174F17551F506A4D00382C2B /* logo.png in Resources */,
				174F17161F50651B00382C2B /* LaunchScreen.storyboard in Resources */,
				174F174C1F506A4D00382C2B /* Group 15.png in Resources */,
				179342481F5084DA005EC910 /* signature.png in Resources */,
				174F17501F506A4D00382C2B /* Group 19.png in Resources */,
				174F17131F50651B00382C2B /* Assets.xcassets in Resources */,
				174F17541F506A4D00382C2B /* Group.png in Resources */,
				174F17491F506A4D00382C2B /* Group 12.png in Resources */,
				174F174B1F506A4D00382C2B /* Group 14.png in Resources */,
				174F17481F506A4D00382C2B /* Group 11.png in Resources */,
				174F17531F506A4D00382C2B /* Group 4.png in Resources */,
				1793424C1F509114005EC910 /* magazine_and_event_sample.png in Resources */,
				174F17111F50651B00382C2B /* Main.storyboard in Resources */,
				174F17581F507B0600382C2B /* about_movie.png in Resources */,
				174F17511F506A4D00382C2B /* Group 2.png in Resources */,
			);
			runOnlyForDeploymentPostprocessing = 0;
		};
		174F171A1F50651B00382C2B /* Resources */ = {
			isa = PBXResourcesBuildPhase;
			buildActionMask = 2147483647;
			files = (
			);
			runOnlyForDeploymentPostprocessing = 0;
		};
		174F17251F50651B00382C2B /* Resources */ = {
			isa = PBXResourcesBuildPhase;
			buildActionMask = 2147483647;
			files = (
			);
			runOnlyForDeploymentPostprocessing = 0;
		};
/* End PBXResourcesBuildPhase section */

/* Begin PBXSourcesBuildPhase section */
		174F17041F50651B00382C2B /* Sources */ = {
			isa = PBXSourcesBuildPhase;
			buildActionMask = 2147483647;
			files = (
				179342501F5093E8005EC910 /* EventViewController.swift in Sources */,
				174F175A1F507BEA00382C2B /* AboutViewController.swift in Sources */,
				174F170E1F50651B00382C2B /* TopViewController.swift in Sources */,
				1793424E1F50934E005EC910 /* MagazineViewController.swift in Sources */,
				17B619FD1F514B8C004CA2FD /* ViewController.swift in Sources */,
				174F170C1F50651B00382C2B /* AppDelegate.swift in Sources */,
				179342521F509404005EC910 /* ItemViewController.swift in Sources */,
			);
			runOnlyForDeploymentPostprocessing = 0;
		};
		174F17181F50651B00382C2B /* Sources */ = {
			isa = PBXSourcesBuildPhase;
			buildActionMask = 2147483647;
			files = (
				174F17211F50651B00382C2B /* ChalieViceTests.swift in Sources */,
			);
			runOnlyForDeploymentPostprocessing = 0;
		};
		174F17231F50651B00382C2B /* Sources */ = {
			isa = PBXSourcesBuildPhase;
			buildActionMask = 2147483647;
			files = (
				174F172C1F50651B00382C2B /* ChalieViceUITests.swift in Sources */,
			);
			runOnlyForDeploymentPostprocessing = 0;
		};
/* End PBXSourcesBuildPhase section */

/* Begin PBXTargetDependency section */
		174F171E1F50651B00382C2B /* PBXTargetDependency */ = {
			isa = PBXTargetDependency;
			target = 174F17071F50651B00382C2B /* ChalieVice */;
			targetProxy = 174F171D1F50651B00382C2B /* PBXContainerItemProxy */;
		};
		174F17291F50651B00382C2B /* PBXTargetDependency */ = {
			isa = PBXTargetDependency;
			target = 174F17071F50651B00382C2B /* ChalieVice */;
			targetProxy = 174F17281F50651B00382C2B /* PBXContainerItemProxy */;
		};
/* End PBXTargetDependency section */

/* Begin PBXVariantGroup section */
		174F170F1F50651B00382C2B /* Main.storyboard */ = {
			isa = PBXVariantGroup;
			children = (
				174F17101F50651B00382C2B /* Base */,
			);
			name = Main.storyboard;
			sourceTree = "<group>";
		};
		174F17141F50651B00382C2B /* LaunchScreen.storyboard */ = {
			isa = PBXVariantGroup;
			children = (
				174F17151F50651B00382C2B /* Base */,
			);
			name = LaunchScreen.storyboard;
			sourceTree = "<group>";
		};
/* End PBXVariantGroup section */

/* Begin XCBuildConfiguration section */
		174F172E1F50651B00382C2B /* Debug */ = {
			isa = XCBuildConfiguration;
			buildSettings = {
				ALWAYS_SEARCH_USER_PATHS = NO;
				CLANG_ANALYZER_NONNULL = YES;
				CLANG_ANALYZER_NUMBER_OBJECT_CONVERSION = YES_AGGRESSIVE;
				CLANG_CXX_LANGUAGE_STANDARD = "gnu++0x";
				CLANG_CXX_LIBRARY = "libc++";
				CLANG_ENABLE_MODULES = YES;
				CLANG_ENABLE_OBJC_ARC = YES;
				CLANG_WARN_BOOL_CONVERSION = YES;
				CLANG_WARN_CONSTANT_CONVERSION = YES;
				CLANG_WARN_DIRECT_OBJC_ISA_USAGE = YES_ERROR;
				CLANG_WARN_DOCUMENTATION_COMMENTS = YES;
				CLANG_WARN_EMPTY_BODY = YES;
				CLANG_WARN_ENUM_CONVERSION = YES;
				CLANG_WARN_INFINITE_RECURSION = YES;
				CLANG_WARN_INT_CONVERSION = YES;
				CLANG_WARN_OBJC_ROOT_CLASS = YES_ERROR;
				CLANG_WARN_SUSPICIOUS_MOVE = YES;
				CLANG_WARN_UNREACHABLE_CODE = YES;
				CLANG_WARN__DUPLICATE_METHOD_MATCH = YES;
				"CODE_SIGN_IDENTITY[sdk=iphoneos*]" = "iPhone Developer";
				COPY_PHASE_STRIP = NO;
				DEBUG_INFORMATION_FORMAT = dwarf;
				ENABLE_STRICT_OBJC_MSGSEND = YES;
				ENABLE_TESTABILITY = YES;
				GCC_C_LANGUAGE_STANDARD = gnu99;
				GCC_DYNAMIC_NO_PIC = NO;
				GCC_NO_COMMON_BLOCKS = YES;
				GCC_OPTIMIZATION_LEVEL = 0;
				GCC_PREPROCESSOR_DEFINITIONS = (
					"DEBUG=1",
					"$(inherited)",
				);
				GCC_WARN_64_TO_32_BIT_CONVERSION = YES;
				GCC_WARN_ABOUT_RETURN_TYPE = YES_ERROR;
				GCC_WARN_UNDECLARED_SELECTOR = YES;
				GCC_WARN_UNINITIALIZED_AUTOS = YES_AGGRESSIVE;
				GCC_WARN_UNUSED_FUNCTION = YES;
				GCC_WARN_UNUSED_VARIABLE = YES;
				IPHONEOS_DEPLOYMENT_TARGET = 10.3;
				MTL_ENABLE_DEBUG_INFO = YES;
				ONLY_ACTIVE_ARCH = YES;
				SDKROOT = iphoneos;
				SWIFT_ACTIVE_COMPILATION_CONDITIONS = DEBUG;
				SWIFT_OPTIMIZATION_LEVEL = "-Onone";
				TARGETED_DEVICE_FAMILY = 2;
			};
			name = Debug;
		};
		174F172F1F50651B00382C2B /* Release */ = {
			isa = XCBuildConfiguration;
			buildSettings = {
				ALWAYS_SEARCH_USER_PATHS = NO;
				CLANG_ANALYZER_NONNULL = YES;
				CLANG_ANALYZER_NUMBER_OBJECT_CONVERSION = YES_AGGRESSIVE;
				CLANG_CXX_LANGUAGE_STANDARD = "gnu++0x";
				CLANG_CXX_LIBRARY = "libc++";
				CLANG_ENABLE_MODULES = YES;
				CLANG_ENABLE_OBJC_ARC = YES;
				CLANG_WARN_BOOL_CONVERSION = YES;
				CLANG_WARN_CONSTANT_CONVERSION = YES;
				CLANG_WARN_DIRECT_OBJC_ISA_USAGE = YES_ERROR;
				CLANG_WARN_DOCUMENTATION_COMMENTS = YES;
				CLANG_WARN_EMPTY_BODY = YES;
				CLANG_WARN_ENUM_CONVERSION = YES;
				CLANG_WARN_INFINITE_RECURSION = YES;
				CLANG_WARN_INT_CONVERSION = YES;
				CLANG_WARN_OBJC_ROOT_CLASS = YES_ERROR;
				CLANG_WARN_SUSPICIOUS_MOVE = YES;
				CLANG_WARN_UNREACHABLE_CODE = YES;
				CLANG_WARN__DUPLICATE_METHOD_MATCH = YES;
				"CODE_SIGN_IDENTITY[sdk=iphoneos*]" = "iPhone Developer";
				COPY_PHASE_STRIP = NO;
				DEBUG_INFORMATION_FORMAT = "dwarf-with-dsym";
				ENABLE_NS_ASSERTIONS = NO;
				ENABLE_STRICT_OBJC_MSGSEND = YES;
				GCC_C_LANGUAGE_STANDARD = gnu99;
				GCC_NO_COMMON_BLOCKS = YES;
				GCC_WARN_64_TO_32_BIT_CONVERSION = YES;
				GCC_WARN_ABOUT_RETURN_TYPE = YES_ERROR;
				GCC_WARN_UNDECLARED_SELECTOR = YES;
				GCC_WARN_UNINITIALIZED_AUTOS = YES_AGGRESSIVE;
				GCC_WARN_UNUSED_FUNCTION = YES;
				GCC_WARN_UNUSED_VARIABLE = YES;
				IPHONEOS_DEPLOYMENT_TARGET = 10.3;
				MTL_ENABLE_DEBUG_INFO = NO;
				SDKROOT = iphoneos;
				SWIFT_OPTIMIZATION_LEVEL = "-Owholemodule";
				TARGETED_DEVICE_FAMILY = 2;
				VALIDATE_PRODUCT = YES;
			};
			name = Release;
		};
		174F17311F50651B00382C2B /* Debug */ = {
			isa = XCBuildConfiguration;
			buildSettings = {
				ASSETCATALOG_COMPILER_APPICON_NAME = AppIcon;
				INFOPLIST_FILE = ChalieVice/Info.plist;
				LD_RUNPATH_SEARCH_PATHS = "$(inherited) @executable_path/Frameworks";
				PRODUCT_BUNDLE_IDENTIFIER = LiveArts.ChalieVice;
				PRODUCT_NAME = "$(TARGET_NAME)";
				SWIFT_VERSION = 3.0;
			};
			name = Debug;
		};
		174F17321F50651B00382C2B /* Release */ = {
			isa = XCBuildConfiguration;
			buildSettings = {
				ASSETCATALOG_COMPILER_APPICON_NAME = AppIcon;
				INFOPLIST_FILE = ChalieVice/Info.plist;
				LD_RUNPATH_SEARCH_PATHS = "$(inherited) @executable_path/Frameworks";
				PRODUCT_BUNDLE_IDENTIFIER = LiveArts.ChalieVice;
				PRODUCT_NAME = "$(TARGET_NAME)";
				SWIFT_VERSION = 3.0;
			};
			name = Release;
		};
		174F17341F50651B00382C2B /* Debug */ = {
			isa = XCBuildConfiguration;
			buildSettings = {
				ALWAYS_EMBED_SWIFT_STANDARD_LIBRARIES = YES;
				BUNDLE_LOADER = "$(TEST_HOST)";
				INFOPLIST_FILE = ChalieViceTests/Info.plist;
				LD_RUNPATH_SEARCH_PATHS = "$(inherited) @executable_path/Frameworks @loader_path/Frameworks";
				PRODUCT_BUNDLE_IDENTIFIER = LiveArts.ChalieViceTests;
				PRODUCT_NAME = "$(TARGET_NAME)";
				SWIFT_VERSION = 3.0;
				TEST_HOST = "$(BUILT_PRODUCTS_DIR)/ChalieVice.app/ChalieVice";
			};
			name = Debug;
		};
		174F17351F50651B00382C2B /* Release */ = {
			isa = XCBuildConfiguration;
			buildSettings = {
				ALWAYS_EMBED_SWIFT_STANDARD_LIBRARIES = YES;
				BUNDLE_LOADER = "$(TEST_HOST)";
				INFOPLIST_FILE = ChalieViceTests/Info.plist;
				LD_RUNPATH_SEARCH_PATHS = "$(inherited) @executable_path/Frameworks @loader_path/Frameworks";
				PRODUCT_BUNDLE_IDENTIFIER = LiveArts.ChalieViceTests;
				PRODUCT_NAME = "$(TARGET_NAME)";
				SWIFT_VERSION = 3.0;
				TEST_HOST = "$(BUILT_PRODUCTS_DIR)/ChalieVice.app/ChalieVice";
			};
			name = Release;
		};
		174F17371F50651B00382C2B /* Debug */ = {
			isa = XCBuildConfiguration;
			buildSettings = {
				ALWAYS_EMBED_SWIFT_STANDARD_LIBRARIES = YES;
				INFOPLIST_FILE = ChalieViceUITests/Info.plist;
				LD_RUNPATH_SEARCH_PATHS = "$(inherited) @executable_path/Frameworks @loader_path/Frameworks";
				PRODUCT_BUNDLE_IDENTIFIER = LiveArts.ChalieViceUITests;
				PRODUCT_NAME = "$(TARGET_NAME)";
				SWIFT_VERSION = 3.0;
				TEST_TARGET_NAME = ChalieVice;
			};
			name = Debug;
		};
		174F17381F50651B00382C2B /* Release */ = {
			isa = XCBuildConfiguration;
			buildSettings = {
				ALWAYS_EMBED_SWIFT_STANDARD_LIBRARIES = YES;
				INFOPLIST_FILE = ChalieViceUITests/Info.plist;
				LD_RUNPATH_SEARCH_PATHS = "$(inherited) @executable_path/Frameworks @loader_path/Frameworks";
				PRODUCT_BUNDLE_IDENTIFIER = LiveArts.ChalieViceUITests;
				PRODUCT_NAME = "$(TARGET_NAME)";
				SWIFT_VERSION = 3.0;
				TEST_TARGET_NAME = ChalieVice;
			};
			name = Release;
		};
/* End XCBuildConfiguration section */

/* Begin XCConfigurationList section */
		174F17031F50651B00382C2B /* Build configuration list for PBXProject "ChalieVice" */ = {
			isa = XCConfigurationList;
			buildConfigurations = (
				174F172E1F50651B00382C2B /* Debug */,
				174F172F1F50651B00382C2B /* Release */,
			);
			defaultConfigurationIsVisible = 0;
			defaultConfigurationName = Release;
		};
		174F17301F50651B00382C2B /* Build configuration list for PBXNativeTarget "ChalieVice" */ = {
			isa = XCConfigurationList;
			buildConfigurations = (
				174F17311F50651B00382C2B /* Debug */,
				174F17321F50651B00382C2B /* Release */,
			);
			defaultConfigurationIsVisible = 0;
			defaultConfigurationName = Release;
		};
		174F17331F50651B00382C2B /* Build configuration list for PBXNativeTarget "ChalieViceTests" */ = {
			isa = XCConfigurationList;
			buildConfigurations = (
				174F17341F50651B00382C2B /* Debug */,
				174F17351F50651B00382C2B /* Release */,
			);
			defaultConfigurationIsVisible = 0;
			defaultConfigurationName = Release;
		};
		174F17361F50651B00382C2B /* Build configuration list for PBXNativeTarget "ChalieViceUITests" */ = {
			isa = XCConfigurationList;
			buildConfigurations = (
				174F17371F50651B00382C2B /* Debug */,
				174F17381F50651B00382C2B /* Release */,
			);
			defaultConfigurationIsVisible = 0;
			defaultConfigurationName = Release;
		};
/* End XCConfigurationList section */
	};
	rootObject = 174F17001F50651B00382C2B /* Project object */;
}
