// !$*UTF8*$!
{
	archiveVersion = 1;
	classes = {
	};
	objectVersion = 46;
	objects = {

/* Begin PBXBuildFile section */
		053CBBD01F594256006E254A /* EyeCatchViewController.swift in Sources */ = {isa = PBXBuildFile; fileRef = 053CBBCF1F594256006E254A /* EyeCatchViewController.swift */; };
		05682A371F598E7A0025DB33 /* MagazineDetailViewController.swift in Sources */ = {isa = PBXBuildFile; fileRef = 05682A361F598E7A0025DB33 /* MagazineDetailViewController.swift */; };
		05682A391F5995CF0025DB33 /* MagazineDetailPopupViewController.swift in Sources */ = {isa = PBXBuildFile; fileRef = 05682A381F5995CF0025DB33 /* MagazineDetailPopupViewController.swift */; };
		05682A3B1F59AFC00025DB33 /* ItemDetailPopupViewController.swift in Sources */ = {isa = PBXBuildFile; fileRef = 05682A3A1F59AFC00025DB33 /* ItemDetailPopupViewController.swift */; };
		05682A3D1F59AFE20025DB33 /* ItemDetailViewController.swift in Sources */ = {isa = PBXBuildFile; fileRef = 05682A3C1F59AFE20025DB33 /* ItemDetailViewController.swift */; };
		05682A3F1F59B6BB0025DB33 /* ItemDetailPageViewController.swift in Sources */ = {isa = PBXBuildFile; fileRef = 05682A3E1F59B6BB0025DB33 /* ItemDetailPageViewController.swift */; };
		05682A411F5A3B680025DB33 /* ItemDetailPageView1Controller.swift in Sources */ = {isa = PBXBuildFile; fileRef = 05682A401F5A3B680025DB33 /* ItemDetailPageView1Controller.swift */; };
		05682A431F5A3B820025DB33 /* ItemDetailPageView2Controller.swift in Sources */ = {isa = PBXBuildFile; fileRef = 05682A421F5A3B820025DB33 /* ItemDetailPageView2Controller.swift */; };
		05682A451F5A3B940025DB33 /* ItemDetailPageView3Controller.swift in Sources */ = {isa = PBXBuildFile; fileRef = 05682A441F5A3B940025DB33 /* ItemDetailPageView3Controller.swift */; };
		058603071F5A592F00ED0AE8 /* ItemDetailPageView4Controller.swift in Sources */ = {isa = PBXBuildFile; fileRef = 058603061F5A592F00ED0AE8 /* ItemDetailPageView4Controller.swift */; };
		174F170C1F50651B00382C2B /* AppDelegate.swift in Sources */ = {isa = PBXBuildFile; fileRef = 174F170B1F50651B00382C2B /* AppDelegate.swift */; };
		174F170E1F50651B00382C2B /* TopViewController.swift in Sources */ = {isa = PBXBuildFile; fileRef = 174F170D1F50651B00382C2B /* TopViewController.swift */; };
		174F17111F50651B00382C2B /* Main.storyboard in Resources */ = {isa = PBXBuildFile; fileRef = 174F170F1F50651B00382C2B /* Main.storyboard */; };
		174F17131F50651B00382C2B /* Assets.xcassets in Resources */ = {isa = PBXBuildFile; fileRef = 174F17121F50651B00382C2B /* Assets.xcassets */; };
		174F17161F50651B00382C2B /* LaunchScreen.storyboard in Resources */ = {isa = PBXBuildFile; fileRef = 174F17141F50651B00382C2B /* LaunchScreen.storyboard */; };
		174F17211F50651B00382C2B /* ChalieViceTests.swift in Sources */ = {isa = PBXBuildFile; fileRef = 174F17201F50651B00382C2B /* ChalieViceTests.swift */; };
		174F172C1F50651B00382C2B /* ChalieViceUITests.swift in Sources */ = {isa = PBXBuildFile; fileRef = 174F172B1F50651B00382C2B /* ChalieViceUITests.swift */; };
		174F175A1F507BEA00382C2B /* AboutViewController.swift in Sources */ = {isa = PBXBuildFile; fileRef = 174F17591F507BEA00382C2B /* AboutViewController.swift */; };
		1793424E1F50934E005EC910 /* MagazineViewController.swift in Sources */ = {isa = PBXBuildFile; fileRef = 1793424D1F50934E005EC910 /* MagazineViewController.swift */; };
		179342501F5093E8005EC910 /* EventViewController.swift in Sources */ = {isa = PBXBuildFile; fileRef = 1793424F1F5093E8005EC910 /* EventViewController.swift */; };
		179342521F509404005EC910 /* ItemViewController.swift in Sources */ = {isa = PBXBuildFile; fileRef = 179342511F509404005EC910 /* ItemViewController.swift */; };
		17B619FD1F514B8C004CA2FD /* ViewController.swift in Sources */ = {isa = PBXBuildFile; fileRef = 17B619FC1F514B8C004CA2FD /* ViewController.swift */; };
		18FABFF62945DBA83F3F5302 /* Pods_ChalieVice.framework in Frameworks */ = {isa = PBXBuildFile; fileRef = 11CA7F109FD3B23E9848E72A /* Pods_ChalieVice.framework */; };
		232920292F251804E0E856D6 /* Pods_ChalieViceUITests.framework in Frameworks */ = {isa = PBXBuildFile; fileRef = 1A26284451505DFF2E09BD58 /* Pods_ChalieViceUITests.framework */; };
		A6FD20B7C2F920BC5892106A /* Pods_ChalieViceTests.framework in Frameworks */ = {isa = PBXBuildFile; fileRef = 2AA29281752B2937389DE66C /* Pods_ChalieViceTests.framework */; };
/* End PBXBuildFile section */

/* Begin PBXBuildRule section */
		174F17561F506BD700382C2B /* PBXBuildRule */ = {
			isa = PBXBuildRule;
			compilerSpec = com.apple.compilers.proxy.script;
			fileType = pattern.proxy;
			isEditable = 1;
			outputFiles = (
			);
		};
/* End PBXBuildRule section */

/* Begin PBXContainerItemProxy section */
		174F171D1F50651B00382C2B /* PBXContainerItemProxy */ = {
			isa = PBXContainerItemProxy;
			containerPortal = 174F17001F50651B00382C2B /* Project object */;
			proxyType = 1;
			remoteGlobalIDString = 174F17071F50651B00382C2B;
			remoteInfo = ChalieVice;
		};
		174F17281F50651B00382C2B /* PBXContainerItemProxy */ = {
			isa = PBXContainerItemProxy;
			containerPortal = 174F17001F50651B00382C2B /* Project object */;
			proxyType = 1;
			remoteGlobalIDString = 174F17071F50651B00382C2B;
			remoteInfo = ChalieVice;
		};
/* End PBXContainerItemProxy section */

/* Begin PBXFileReference section */
		053CBBCF1F594256006E254A /* EyeCatchViewController.swift */ = {isa = PBXFileReference; fileEncoding = 4; lastKnownFileType = sourcecode.swift; path = EyeCatchViewController.swift; sourceTree = "<group>"; };
		05682A361F598E7A0025DB33 /* MagazineDetailViewController.swift */ = {isa = PBXFileReference; fileEncoding = 4; lastKnownFileType = sourcecode.swift; path = MagazineDetailViewController.swift; sourceTree = "<group>"; };
		05682A381F5995CF0025DB33 /* MagazineDetailPopupViewController.swift */ = {isa = PBXFileReference; fileEncoding = 4; lastKnownFileType = sourcecode.swift; path = MagazineDetailPopupViewController.swift; sourceTree = "<group>"; };
		05682A3A1F59AFC00025DB33 /* ItemDetailPopupViewController.swift */ = {isa = PBXFileReference; fileEncoding = 4; lastKnownFileType = sourcecode.swift; path = ItemDetailPopupViewController.swift; sourceTree = "<group>"; };
		05682A3C1F59AFE20025DB33 /* ItemDetailViewController.swift */ = {isa = PBXFileReference; fileEncoding = 4; lastKnownFileType = sourcecode.swift; path = ItemDetailViewController.swift; sourceTree = "<group>"; };
		05682A3E1F59B6BB0025DB33 /* ItemDetailPageViewController.swift */ = {isa = PBXFileReference; fileEncoding = 4; lastKnownFileType = sourcecode.swift; path = ItemDetailPageViewController.swift; sourceTree = "<group>"; };
		05682A401F5A3B680025DB33 /* ItemDetailPageView1Controller.swift */ = {isa = PBXFileReference; fileEncoding = 4; lastKnownFileType = sourcecode.swift; path = ItemDetailPageView1Controller.swift; sourceTree = "<group>"; };
		05682A421F5A3B820025DB33 /* ItemDetailPageView2Controller.swift */ = {isa = PBXFileReference; fileEncoding = 4; lastKnownFileType = sourcecode.swift; path = ItemDetailPageView2Controller.swift; sourceTree = "<group>"; };
		05682A441F5A3B940025DB33 /* ItemDetailPageView3Controller.swift */ = {isa = PBXFileReference; fileEncoding = 4; lastKnownFileType = sourcecode.swift; path = ItemDetailPageView3Controller.swift; sourceTree = "<group>"; };
		056CE948B196FC311CE4EA49 /* Pods-ChalieVice.debug.xcconfig */ = {isa = PBXFileReference; includeInIndex = 1; lastKnownFileType = text.xcconfig; name = "Pods-ChalieVice.debug.xcconfig"; path = "Pods/Target Support Files/Pods-ChalieVice/Pods-ChalieVice.debug.xcconfig"; sourceTree = "<group>"; };
		058603061F5A592F00ED0AE8 /* ItemDetailPageView4Controller.swift */ = {isa = PBXFileReference; fileEncoding = 4; lastKnownFileType = sourcecode.swift; path = ItemDetailPageView4Controller.swift; sourceTree = "<group>"; };
		11CA7F109FD3B23E9848E72A /* Pods_ChalieVice.framework */ = {isa = PBXFileReference; explicitFileType = wrapper.framework; includeInIndex = 0; path = Pods_ChalieVice.framework; sourceTree = BUILT_PRODUCTS_DIR; };
		174F17081F50651B00382C2B /* ChalieVice.app */ = {isa = PBXFileReference; explicitFileType = wrapper.application; includeInIndex = 0; path = ChalieVice.app; sourceTree = BUILT_PRODUCTS_DIR; };
		174F170B1F50651B00382C2B /* AppDelegate.swift */ = {isa = PBXFileReference; lastKnownFileType = sourcecode.swift; path = AppDelegate.swift; sourceTree = "<group>"; };
		174F170D1F50651B00382C2B /* TopViewController.swift */ = {isa = PBXFileReference; lastKnownFileType = sourcecode.swift; path = TopViewController.swift; sourceTree = "<group>"; };
		174F17101F50651B00382C2B /* Base */ = {isa = PBXFileReference; lastKnownFileType = file.storyboard; name = Base; path = Base.lproj/Main.storyboard; sourceTree = "<group>"; };
		174F17121F50651B00382C2B /* Assets.xcassets */ = {isa = PBXFileReference; lastKnownFileType = folder.assetcatalog; path = Assets.xcassets; sourceTree = "<group>"; };
		174F17151F50651B00382C2B /* Base */ = {isa = PBXFileReference; lastKnownFileType = file.storyboard; name = Base; path = Base.lproj/LaunchScreen.storyboard; sourceTree = "<group>"; };
		174F17171F50651B00382C2B /* Info.plist */ = {isa = PBXFileReference; lastKnownFileType = text.plist.xml; path = Info.plist; sourceTree = "<group>"; };
		174F171C1F50651B00382C2B /* ChalieViceTests.xctest */ = {isa = PBXFileReference; explicitFileType = wrapper.cfbundle; includeInIndex = 0; path = ChalieViceTests.xctest; sourceTree = BUILT_PRODUCTS_DIR; };
		174F17201F50651B00382C2B /* ChalieViceTests.swift */ = {isa = PBXFileReference; lastKnownFileType = sourcecode.swift; path = ChalieViceTests.swift; sourceTree = "<group>"; };
		174F17221F50651B00382C2B /* Info.plist */ = {isa = PBXFileReference; lastKnownFileType = text.plist.xml; path = Info.plist; sourceTree = "<group>"; };
		174F17271F50651B00382C2B /* ChalieViceUITests.xctest */ = {isa = PBXFileReference; explicitFileType = wrapper.cfbundle; includeInIndex = 0; path = ChalieViceUITests.xctest; sourceTree = BUILT_PRODUCTS_DIR; };
		174F172B1F50651B00382C2B /* ChalieViceUITests.swift */ = {isa = PBXFileReference; lastKnownFileType = sourcecode.swift; path = ChalieViceUITests.swift; sourceTree = "<group>"; };
		174F172D1F50651B00382C2B /* Info.plist */ = {isa = PBXFileReference; lastKnownFileType = text.plist.xml; path = Info.plist; sourceTree = "<group>"; };
		174F17591F507BEA00382C2B /* AboutViewController.swift */ = {isa = PBXFileReference; fileEncoding = 4; lastKnownFileType = sourcecode.swift; path = AboutViewController.swift; sourceTree = "<group>"; };
		1793424D1F50934E005EC910 /* MagazineViewController.swift */ = {isa = PBXFileReference; fileEncoding = 4; lastKnownFileType = sourcecode.swift; path = MagazineViewController.swift; sourceTree = "<group>"; };
		1793424F1F5093E8005EC910 /* EventViewController.swift */ = {isa = PBXFileReference; fileEncoding = 4; lastKnownFileType = sourcecode.swift; path = EventViewController.swift; sourceTree = "<group>"; };
		179342511F509404005EC910 /* ItemViewController.swift */ = {isa = PBXFileReference; fileEncoding = 4; lastKnownFileType = sourcecode.swift; path = ItemViewController.swift; sourceTree = "<group>"; };
		17B619FC1F514B8C004CA2FD /* ViewController.swift */ = {isa = PBXFileReference; fileEncoding = 4; lastKnownFileType = sourcecode.swift; path = ViewController.swift; sourceTree = "<group>"; };
		1A26284451505DFF2E09BD58 /* Pods_ChalieViceUITests.framework */ = {isa = PBXFileReference; explicitFileType = wrapper.framework; includeInIndex = 0; path = Pods_ChalieViceUITests.framework; sourceTree = BUILT_PRODUCTS_DIR; };
		2AA29281752B2937389DE66C /* Pods_ChalieViceTests.framework */ = {isa = PBXFileReference; explicitFileType = wrapper.framework; includeInIndex = 0; path = Pods_ChalieViceTests.framework; sourceTree = BUILT_PRODUCTS_DIR; };
		662A956487BA464AE7E57C57 /* Pods-ChalieViceUITests.debug.xcconfig */ = {isa = PBXFileReference; includeInIndex = 1; lastKnownFileType = text.xcconfig; name = "Pods-ChalieViceUITests.debug.xcconfig"; path = "Pods/Target Support Files/Pods-ChalieViceUITests/Pods-ChalieViceUITests.debug.xcconfig"; sourceTree = "<group>"; };
		69B15C74E236CF28FFFF0AA0 /* Pods-ChalieVice.release.xcconfig */ = {isa = PBXFileReference; includeInIndex = 1; lastKnownFileType = text.xcconfig; name = "Pods-ChalieVice.release.xcconfig"; path = "Pods/Target Support Files/Pods-ChalieVice/Pods-ChalieVice.release.xcconfig"; sourceTree = "<group>"; };
		72FCF93E7893296C1347430E /* Pods-ChalieViceTests.debug.xcconfig */ = {isa = PBXFileReference; includeInIndex = 1; lastKnownFileType = text.xcconfig; name = "Pods-ChalieViceTests.debug.xcconfig"; path = "Pods/Target Support Files/Pods-ChalieViceTests/Pods-ChalieViceTests.debug.xcconfig"; sourceTree = "<group>"; };
		AC63D7B8430093AAF390AE45 /* Pods-ChalieViceUITests.release.xcconfig */ = {isa = PBXFileReference; includeInIndex = 1; lastKnownFileType = text.xcconfig; name = "Pods-ChalieViceUITests.release.xcconfig"; path = "Pods/Target Support Files/Pods-ChalieViceUITests/Pods-ChalieViceUITests.release.xcconfig"; sourceTree = "<group>"; };
		B658FE0187A741A08B145FF2 /* Pods-ChalieViceTests.release.xcconfig */ = {isa = PBXFileReference; includeInIndex = 1; lastKnownFileType = text.xcconfig; name = "Pods-ChalieViceTests.release.xcconfig"; path = "Pods/Target Support Files/Pods-ChalieViceTests/Pods-ChalieViceTests.release.xcconfig"; sourceTree = "<group>"; };
/* End PBXFileReference section */

/* Begin PBXFrameworksBuildPhase section */
		174F17051F50651B00382C2B /* Frameworks */ = {
			isa = PBXFrameworksBuildPhase;
			buildActionMask = 2147483647;
			files = (
				18FABFF62945DBA83F3F5302 /* Pods_ChalieVice.framework in Frameworks */,
			);
			runOnlyForDeploymentPostprocessing = 0;
		};
		174F17191F50651B00382C2B /* Frameworks */ = {
			isa = PBXFrameworksBuildPhase;
			buildActionMask = 2147483647;
			files = (
				A6FD20B7C2F920BC5892106A /* Pods_ChalieViceTests.framework in Frameworks */,
			);
			runOnlyForDeploymentPostprocessing = 0;
		};
		174F17241F50651B00382C2B /* Frameworks */ = {
			isa = PBXFrameworksBuildPhase;
			buildActionMask = 2147483647;
			files = (
				232920292F251804E0E856D6 /* Pods_ChalieViceUITests.framework in Frameworks */,
			);
			runOnlyForDeploymentPostprocessing = 0;
		};
/* End PBXFrameworksBuildPhase section */

/* Begin PBXGroup section */
		174F16FF1F50651B00382C2B = {
			isa = PBXGroup;
			children = (
				174F170A1F50651B00382C2B /* ChalieVice */,
				174F171F1F50651B00382C2B /* ChalieViceTests */,
				174F172A1F50651B00382C2B /* ChalieViceUITests */,
				174F17091F50651B00382C2B /* Products */,
				C8749F40AC5E5B825A05C509 /* Pods */,
				2DABE958C319E9934B4837BF /* Frameworks */,
			);
			sourceTree = "<group>";
		};
		174F17091F50651B00382C2B /* Products */ = {
			isa = PBXGroup;
			children = (
				174F17081F50651B00382C2B /* ChalieVice.app */,
				174F171C1F50651B00382C2B /* ChalieViceTests.xctest */,
				174F17271F50651B00382C2B /* ChalieViceUITests.xctest */,
			);
			name = Products;
			sourceTree = "<group>";
		};
		174F170A1F50651B00382C2B /* ChalieVice */ = {
			isa = PBXGroup;
			children = (
				174F170B1F50651B00382C2B /* AppDelegate.swift */,
				053CBBCF1F594256006E254A /* EyeCatchViewController.swift */,
				174F170D1F50651B00382C2B /* TopViewController.swift */,
				17B619FC1F514B8C004CA2FD /* ViewController.swift */,
				174F17591F507BEA00382C2B /* AboutViewController.swift */,
				1793424F1F5093E8005EC910 /* EventViewController.swift */,
				179342511F509404005EC910 /* ItemViewController.swift */,
				05682A3C1F59AFE20025DB33 /* ItemDetailViewController.swift */,
				05682A3A1F59AFC00025DB33 /* ItemDetailPopupViewController.swift */,
				05682A3E1F59B6BB0025DB33 /* ItemDetailPageViewController.swift */,
				05682A401F5A3B680025DB33 /* ItemDetailPageView1Controller.swift */,
				05682A421F5A3B820025DB33 /* ItemDetailPageView2Controller.swift */,
				05682A441F5A3B940025DB33 /* ItemDetailPageView3Controller.swift */,
				058603061F5A592F00ED0AE8 /* ItemDetailPageView4Controller.swift */,
				1793424D1F50934E005EC910 /* MagazineViewController.swift */,
				05682A361F598E7A0025DB33 /* MagazineDetailViewController.swift */,
				05682A381F5995CF0025DB33 /* MagazineDetailPopupViewController.swift */,
				174F17121F50651B00382C2B /* Assets.xcassets */,
				174F170F1F50651B00382C2B /* Main.storyboard */,
				174F17141F50651B00382C2B /* LaunchScreen.storyboard */,
				174F17171F50651B00382C2B /* Info.plist */,
			);
			path = ChalieVice;
			sourceTree = "<group>";
		};
		174F171F1F50651B00382C2B /* ChalieViceTests */ = {
			isa = PBXGroup;
			children = (
				174F17201F50651B00382C2B /* ChalieViceTests.swift */,
				174F17221F50651B00382C2B /* Info.plist */,
			);
			path = ChalieViceTests;
			sourceTree = "<group>";
		};
		174F172A1F50651B00382C2B /* ChalieViceUITests */ = {
			isa = PBXGroup;
			children = (
				174F172B1F50651B00382C2B /* ChalieViceUITests.swift */,
				174F172D1F50651B00382C2B /* Info.plist */,
			);
			path = ChalieViceUITests;
			sourceTree = "<group>";
		};
		2DABE958C319E9934B4837BF /* Frameworks */ = {
			isa = PBXGroup;
			children = (
				11CA7F109FD3B23E9848E72A /* Pods_ChalieVice.framework */,
				2AA29281752B2937389DE66C /* Pods_ChalieViceTests.framework */,
				1A26284451505DFF2E09BD58 /* Pods_ChalieViceUITests.framework */,
			);
			name = Frameworks;
			sourceTree = "<group>";
		};
		C8749F40AC5E5B825A05C509 /* Pods */ = {
			isa = PBXGroup;
			children = (
				056CE948B196FC311CE4EA49 /* Pods-ChalieVice.debug.xcconfig */,
				69B15C74E236CF28FFFF0AA0 /* Pods-ChalieVice.release.xcconfig */,
				72FCF93E7893296C1347430E /* Pods-ChalieViceTests.debug.xcconfig */,
				B658FE0187A741A08B145FF2 /* Pods-ChalieViceTests.release.xcconfig */,
				662A956487BA464AE7E57C57 /* Pods-ChalieViceUITests.debug.xcconfig */,
				AC63D7B8430093AAF390AE45 /* Pods-ChalieViceUITests.release.xcconfig */,
			);
			name = Pods;
			sourceTree = "<group>";
		};
/* End PBXGroup section */

/* Begin PBXNativeTarget section */
		174F17071F50651B00382C2B /* ChalieVice */ = {
			isa = PBXNativeTarget;
			buildConfigurationList = 174F17301F50651B00382C2B /* Build configuration list for PBXNativeTarget "ChalieVice" */;
			buildPhases = (
				0009C85E47244F9DA2298EEC /* [CP] Check Pods Manifest.lock */,
				174F17041F50651B00382C2B /* Sources */,
				174F17051F50651B00382C2B /* Frameworks */,
				174F17061F50651B00382C2B /* Resources */,
				C54A6FE41613A9D1C39D5F2C /* [CP] Embed Pods Frameworks */,
				A570CEEFFA4BF48DE89D0CB6 /* [CP] Copy Pods Resources */,
			);
			buildRules = (
				174F17561F506BD700382C2B /* PBXBuildRule */,
			);
			dependencies = (
			);
			name = ChalieVice;
			productName = ChalieVice;
			productReference = 174F17081F50651B00382C2B /* ChalieVice.app */;
			productType = "com.apple.product-type.application";
		};
		174F171B1F50651B00382C2B /* ChalieViceTests */ = {
			isa = PBXNativeTarget;
			buildConfigurationList = 174F17331F50651B00382C2B /* Build configuration list for PBXNativeTarget "ChalieViceTests" */;
			buildPhases = (
				D625A8FA36BBBCE8A42D8E04 /* [CP] Check Pods Manifest.lock */,
				174F17181F50651B00382C2B /* Sources */,
				174F17191F50651B00382C2B /* Frameworks */,
				174F171A1F50651B00382C2B /* Resources */,
				D48AAAF4ED3D43F038AA42A9 /* [CP] Embed Pods Frameworks */,
				707A548E72CB9B86116A6761 /* [CP] Copy Pods Resources */,
			);
			buildRules = (
			);
			dependencies = (
				174F171E1F50651B00382C2B /* PBXTargetDependency */,
			);
			name = ChalieViceTests;
			productName = ChalieViceTests;
			productReference = 174F171C1F50651B00382C2B /* ChalieViceTests.xctest */;
			productType = "com.apple.product-type.bundle.unit-test";
		};
		174F17261F50651B00382C2B /* ChalieViceUITests */ = {
			isa = PBXNativeTarget;
			buildConfigurationList = 174F17361F50651B00382C2B /* Build configuration list for PBXNativeTarget "ChalieViceUITests" */;
			buildPhases = (
				5D6CED5D36EDA7D251DD0194 /* [CP] Check Pods Manifest.lock */,
				174F17231F50651B00382C2B /* Sources */,
				174F17241F50651B00382C2B /* Frameworks */,
				174F17251F50651B00382C2B /* Resources */,
				159F6415A4BFC21EDAC29000 /* [CP] Embed Pods Frameworks */,
				F0D5B18D179A0FD5C3DAF05F /* [CP] Copy Pods Resources */,
			);
			buildRules = (
			);
			dependencies = (
				174F17291F50651B00382C2B /* PBXTargetDependency */,
			);
			name = ChalieViceUITests;
			productName = ChalieViceUITests;
			productReference = 174F17271F50651B00382C2B /* ChalieViceUITests.xctest */;
			productType = "com.apple.product-type.bundle.ui-testing";
		};
/* End PBXNativeTarget section */

/* Begin PBXProject section */
		174F17001F50651B00382C2B /* Project object */ = {
			isa = PBXProject;
			attributes = {
				LastSwiftUpdateCheck = 0830;
				LastUpgradeCheck = 0830;
				ORGANIZATIONNAME = LiveArts;
				TargetAttributes = {
					174F17071F50651B00382C2B = {
						CreatedOnToolsVersion = 8.3.3;
						ProvisioningStyle = Automatic;
					};
					174F171B1F50651B00382C2B = {
						CreatedOnToolsVersion = 8.3.3;
						ProvisioningStyle = Automatic;
						TestTargetID = 174F17071F50651B00382C2B;
					};
					174F17261F50651B00382C2B = {
						CreatedOnToolsVersion = 8.3.3;
						ProvisioningStyle = Automatic;
						TestTargetID = 174F17071F50651B00382C2B;
					};
				};
			};
			buildConfigurationList = 174F17031F50651B00382C2B /* Build configuration list for PBXProject "ChalieVice" */;
			compatibilityVersion = "Xcode 3.2";
			developmentRegion = English;
			hasScannedForEncodings = 0;
			knownRegions = (
				en,
				Base,
			);
			mainGroup = 174F16FF1F50651B00382C2B;
			productRefGroup = 174F17091F50651B00382C2B /* Products */;
			projectDirPath = "";
			projectRoot = "";
			targets = (
				174F17071F50651B00382C2B /* ChalieVice */,
				174F171B1F50651B00382C2B /* ChalieViceTests */,
				174F17261F50651B00382C2B /* ChalieViceUITests */,
			);
		};
/* End PBXProject section */

/* Begin PBXResourcesBuildPhase section */
		174F17061F50651B00382C2B /* Resources */ = {
			isa = PBXResourcesBuildPhase;
			buildActionMask = 2147483647;
			files = (
				174F17161F50651B00382C2B /* LaunchScreen.storyboard in Resources */,
				174F17131F50651B00382C2B /* Assets.xcassets in Resources */,
				174F17111F50651B00382C2B /* Main.storyboard in Resources */,
			);
			runOnlyForDeploymentPostprocessing = 0;
		};
		174F171A1F50651B00382C2B /* Resources */ = {
			isa = PBXResourcesBuildPhase;
			buildActionMask = 2147483647;
			files = (
			);
			runOnlyForDeploymentPostprocessing = 0;
		};
		174F17251F50651B00382C2B /* Resources */ = {
			isa = PBXResourcesBuildPhase;
			buildActionMask = 2147483647;
			files = (
			);
			runOnlyForDeploymentPostprocessing = 0;
		};
/* End PBXResourcesBuildPhase section */

/* Begin PBXShellScriptBuildPhase section */
		0009C85E47244F9DA2298EEC /* [CP] Check Pods Manifest.lock */ = {
			isa = PBXShellScriptBuildPhase;
			buildActionMask = 2147483647;
			files = (
			);
			inputPaths = (
				"${PODS_PODFILE_DIR_PATH}/Podfile.lock",
				"${PODS_ROOT}/Manifest.lock",
			);
			name = "[CP] Check Pods Manifest.lock";
			outputPaths = (
				"$(DERIVED_FILE_DIR)/Pods-ChalieVice-checkManifestLockResult.txt",
			);
			runOnlyForDeploymentPostprocessing = 0;
			shellPath = /bin/sh;
			shellScript = "diff \"${PODS_PODFILE_DIR_PATH}/Podfile.lock\" \"${PODS_ROOT}/Manifest.lock\" > /dev/null\nif [ $? != 0 ] ; then\n    # print error to STDERR\n    echo \"error: The sandbox is not in sync with the Podfile.lock. Run 'pod install' or update your CocoaPods installation.\" >&2\n    exit 1\nfi\n# This output is used by Xcode 'outputs' to avoid re-running this script phase.\necho \"SUCCESS\" > \"${SCRIPT_OUTPUT_FILE_0}\"\n";
			showEnvVarsInLog = 0;
		};
		159F6415A4BFC21EDAC29000 /* [CP] Embed Pods Frameworks */ = {
			isa = PBXShellScriptBuildPhase;
			buildActionMask = 2147483647;
			files = (
			);
			inputPaths = (
			);
			name = "[CP] Embed Pods Frameworks";
			outputPaths = (
			);
			runOnlyForDeploymentPostprocessing = 0;
			shellPath = /bin/sh;
			shellScript = "\"${SRCROOT}/Pods/Target Support Files/Pods-ChalieViceUITests/Pods-ChalieViceUITests-frameworks.sh\"\n";
			showEnvVarsInLog = 0;
		};
		5D6CED5D36EDA7D251DD0194 /* [CP] Check Pods Manifest.lock */ = {
			isa = PBXShellScriptBuildPhase;
			buildActionMask = 2147483647;
			files = (
			);
			inputPaths = (
				"${PODS_PODFILE_DIR_PATH}/Podfile.lock",
				"${PODS_ROOT}/Manifest.lock",
			);
			name = "[CP] Check Pods Manifest.lock";
			outputPaths = (
				"$(DERIVED_FILE_DIR)/Pods-ChalieViceUITests-checkManifestLockResult.txt",
			);
			runOnlyForDeploymentPostprocessing = 0;
			shellPath = /bin/sh;
			shellScript = "diff \"${PODS_PODFILE_DIR_PATH}/Podfile.lock\" \"${PODS_ROOT}/Manifest.lock\" > /dev/null\nif [ $? != 0 ] ; then\n    # print error to STDERR\n    echo \"error: The sandbox is not in sync with the Podfile.lock. Run 'pod install' or update your CocoaPods installation.\" >&2\n    exit 1\nfi\n# This output is used by Xcode 'outputs' to avoid re-running this script phase.\necho \"SUCCESS\" > \"${SCRIPT_OUTPUT_FILE_0}\"\n";
			showEnvVarsInLog = 0;
		};
		707A548E72CB9B86116A6761 /* [CP] Copy Pods Resources */ = {
			isa = PBXShellScriptBuildPhase;
			buildActionMask = 2147483647;
			files = (
			);
			inputPaths = (
			);
			name = "[CP] Copy Pods Resources";
			outputPaths = (
			);
			runOnlyForDeploymentPostprocessing = 0;
			shellPath = /bin/sh;
			shellScript = "\"${SRCROOT}/Pods/Target Support Files/Pods-ChalieViceTests/Pods-ChalieViceTests-resources.sh\"\n";
			showEnvVarsInLog = 0;
		};
		A570CEEFFA4BF48DE89D0CB6 /* [CP] Copy Pods Resources */ = {
			isa = PBXShellScriptBuildPhase;
			buildActionMask = 2147483647;
			files = (
			);
			inputPaths = (
			);
			name = "[CP] Copy Pods Resources";
			outputPaths = (
			);
			runOnlyForDeploymentPostprocessing = 0;
			shellPath = /bin/sh;
			shellScript = "\"${SRCROOT}/Pods/Target Support Files/Pods-ChalieVice/Pods-ChalieVice-resources.sh\"\n";
			showEnvVarsInLog = 0;
		};
		C54A6FE41613A9D1C39D5F2C /* [CP] Embed Pods Frameworks */ = {
			isa = PBXShellScriptBuildPhase;
			buildActionMask = 2147483647;
			files = (
			);
			inputPaths = (
				"${SRCROOT}/Pods/Target Support Files/Pods-ChalieVice/Pods-ChalieVice-frameworks.sh",
				"${BUILT_PRODUCTS_DIR}/Alamofire/Alamofire.framework",
				"${BUILT_PRODUCTS_DIR}/QRCode/QRCode.framework",
				"${BUILT_PRODUCTS_DIR}/SwiftyJSON/SwiftyJSON.framework",
			);
			name = "[CP] Embed Pods Frameworks";
			outputPaths = (
				"${TARGET_BUILD_DIR}/${FRAMEWORKS_FOLDER_PATH}/Alamofire.framework",
				"${TARGET_BUILD_DIR}/${FRAMEWORKS_FOLDER_PATH}/QRCode.framework",
				"${TARGET_BUILD_DIR}/${FRAMEWORKS_FOLDER_PATH}/SwiftyJSON.framework",
			);
			runOnlyForDeploymentPostprocessing = 0;
			shellPath = /bin/sh;
			shellScript = "\"${SRCROOT}/Pods/Target Support Files/Pods-ChalieVice/Pods-ChalieVice-frameworks.sh\"\n";
			showEnvVarsInLog = 0;
		};
		D48AAAF4ED3D43F038AA42A9 /* [CP] Embed Pods Frameworks */ = {
			isa = PBXShellScriptBuildPhase;
			buildActionMask = 2147483647;
			files = (
			);
			inputPaths = (
			);
			name = "[CP] Embed Pods Frameworks";
			outputPaths = (
			);
			runOnlyForDeploymentPostprocessing = 0;
			shellPath = /bin/sh;
			shellScript = "\"${SRCROOT}/Pods/Target Support Files/Pods-ChalieViceTests/Pods-ChalieViceTests-frameworks.sh\"\n";
			showEnvVarsInLog = 0;
		};
		D625A8FA36BBBCE8A42D8E04 /* [CP] Check Pods Manifest.lock */ = {
			isa = PBXShellScriptBuildPhase;
			buildActionMask = 2147483647;
			files = (
			);
			inputPaths = (
				"${PODS_PODFILE_DIR_PATH}/Podfile.lock",
				"${PODS_ROOT}/Manifest.lock",
			);
			name = "[CP] Check Pods Manifest.lock";
			outputPaths = (
				"$(DERIVED_FILE_DIR)/Pods-ChalieViceTests-checkManifestLockResult.txt",
			);
			runOnlyForDeploymentPostprocessing = 0;
			shellPath = /bin/sh;
			shellScript = "diff \"${PODS_PODFILE_DIR_PATH}/Podfile.lock\" \"${PODS_ROOT}/Manifest.lock\" > /dev/null\nif [ $? != 0 ] ; then\n    # print error to STDERR\n    echo \"error: The sandbox is not in sync with the Podfile.lock. Run 'pod install' or update your CocoaPods installation.\" >&2\n    exit 1\nfi\n# This output is used by Xcode 'outputs' to avoid re-running this script phase.\necho \"SUCCESS\" > \"${SCRIPT_OUTPUT_FILE_0}\"\n";
			showEnvVarsInLog = 0;
		};
		F0D5B18D179A0FD5C3DAF05F /* [CP] Copy Pods Resources */ = {
			isa = PBXShellScriptBuildPhase;
			buildActionMask = 2147483647;
			files = (
			);
			inputPaths = (
			);
			name = "[CP] Copy Pods Resources";
			outputPaths = (
			);
			runOnlyForDeploymentPostprocessing = 0;
			shellPath = /bin/sh;
			shellScript = "\"${SRCROOT}/Pods/Target Support Files/Pods-ChalieViceUITests/Pods-ChalieViceUITests-resources.sh\"\n";
			showEnvVarsInLog = 0;
		};
/* End PBXShellScriptBuildPhase section */

/* Begin PBXSourcesBuildPhase section */
		174F17041F50651B00382C2B /* Sources */ = {
			isa = PBXSourcesBuildPhase;
			buildActionMask = 2147483647;
			files = (
				179342501F5093E8005EC910 /* EventViewController.swift in Sources */,
				05682A411F5A3B680025DB33 /* ItemDetailPageView1Controller.swift in Sources */,
				174F175A1F507BEA00382C2B /* AboutViewController.swift in Sources */,
				058603071F5A592F00ED0AE8 /* ItemDetailPageView4Controller.swift in Sources */,
				05682A3D1F59AFE20025DB33 /* ItemDetailViewController.swift in Sources */,
				174F170E1F50651B00382C2B /* TopViewController.swift in Sources */,
				1793424E1F50934E005EC910 /* MagazineViewController.swift in Sources */,
				05682A391F5995CF0025DB33 /* MagazineDetailPopupViewController.swift in Sources */,
				05682A451F5A3B940025DB33 /* ItemDetailPageView3Controller.swift in Sources */,
				17B619FD1F514B8C004CA2FD /* ViewController.swift in Sources */,
				053CBBD01F594256006E254A /* EyeCatchViewController.swift in Sources */,
				05682A3B1F59AFC00025DB33 /* ItemDetailPopupViewController.swift in Sources */,
				174F170C1F50651B00382C2B /* AppDelegate.swift in Sources */,
				05682A431F5A3B820025DB33 /* ItemDetailPageView2Controller.swift in Sources */,
				05682A371F598E7A0025DB33 /* MagazineDetailViewController.swift in Sources */,
				05682A3F1F59B6BB0025DB33 /* ItemDetailPageViewController.swift in Sources */,
				179342521F509404005EC910 /* ItemViewController.swift in Sources */,
			);
			runOnlyForDeploymentPostprocessing = 0;
		};
		174F17181F50651B00382C2B /* Sources */ = {
			isa = PBXSourcesBuildPhase;
			buildActionMask = 2147483647;
			files = (
				174F17211F50651B00382C2B /* ChalieViceTests.swift in Sources */,
			);
			runOnlyForDeploymentPostprocessing = 0;
		};
		174F17231F50651B00382C2B /* Sources */ = {
			isa = PBXSourcesBuildPhase;
			buildActionMask = 2147483647;
			files = (
				174F172C1F50651B00382C2B /* ChalieViceUITests.swift in Sources */,
			);
			runOnlyForDeploymentPostprocessing = 0;
		};
/* End PBXSourcesBuildPhase section */

/* Begin PBXTargetDependency section */
		174F171E1F50651B00382C2B /* PBXTargetDependency */ = {
			isa = PBXTargetDependency;
			target = 174F17071F50651B00382C2B /* ChalieVice */;
			targetProxy = 174F171D1F50651B00382C2B /* PBXContainerItemProxy */;
		};
		174F17291F50651B00382C2B /* PBXTargetDependency */ = {
			isa = PBXTargetDependency;
			target = 174F17071F50651B00382C2B /* ChalieVice */;
			targetProxy = 174F17281F50651B00382C2B /* PBXContainerItemProxy */;
		};
/* End PBXTargetDependency section */

/* Begin PBXVariantGroup section */
		174F170F1F50651B00382C2B /* Main.storyboard */ = {
			isa = PBXVariantGroup;
			children = (
				174F17101F50651B00382C2B /* Base */,
			);
			name = Main.storyboard;
			sourceTree = "<group>";
		};
		174F17141F50651B00382C2B /* LaunchScreen.storyboard */ = {
			isa = PBXVariantGroup;
			children = (
				174F17151F50651B00382C2B /* Base */,
			);
			name = LaunchScreen.storyboard;
			sourceTree = "<group>";
		};
/* End PBXVariantGroup section */

/* Begin XCBuildConfiguration section */
		174F172E1F50651B00382C2B /* Debug */ = {
			isa = XCBuildConfiguration;
			buildSettings = {
				ALWAYS_SEARCH_USER_PATHS = NO;
				CLANG_ANALYZER_NONNULL = YES;
				CLANG_ANALYZER_NUMBER_OBJECT_CONVERSION = YES_AGGRESSIVE;
				CLANG_CXX_LANGUAGE_STANDARD = "gnu++0x";
				CLANG_CXX_LIBRARY = "libc++";
				CLANG_ENABLE_MODULES = YES;
				CLANG_ENABLE_OBJC_ARC = YES;
				CLANG_WARN_BOOL_CONVERSION = YES;
				CLANG_WARN_CONSTANT_CONVERSION = YES;
				CLANG_WARN_DIRECT_OBJC_ISA_USAGE = YES_ERROR;
				CLANG_WARN_DOCUMENTATION_COMMENTS = YES;
				CLANG_WARN_EMPTY_BODY = YES;
				CLANG_WARN_ENUM_CONVERSION = YES;
				CLANG_WARN_INFINITE_RECURSION = YES;
				CLANG_WARN_INT_CONVERSION = YES;
				CLANG_WARN_OBJC_ROOT_CLASS = YES_ERROR;
				CLANG_WARN_SUSPICIOUS_MOVE = YES;
				CLANG_WARN_UNREACHABLE_CODE = YES;
				CLANG_WARN__DUPLICATE_METHOD_MATCH = YES;
				"CODE_SIGN_IDENTITY[sdk=iphoneos*]" = "iPhone Developer";
				COPY_PHASE_STRIP = NO;
				DEBUG_INFORMATION_FORMAT = dwarf;
				ENABLE_STRICT_OBJC_MSGSEND = YES;
				ENABLE_TESTABILITY = YES;
				GCC_C_LANGUAGE_STANDARD = gnu99;
				GCC_DYNAMIC_NO_PIC = NO;
				GCC_NO_COMMON_BLOCKS = YES;
				GCC_OPTIMIZATION_LEVEL = 0;
				GCC_PREPROCESSOR_DEFINITIONS = (
					"DEBUG=1",
					"$(inherited)",
				);
				GCC_WARN_64_TO_32_BIT_CONVERSION = YES;
				GCC_WARN_ABOUT_RETURN_TYPE = YES_ERROR;
				GCC_WARN_UNDECLARED_SELECTOR = YES;
				GCC_WARN_UNINITIALIZED_AUTOS = YES_AGGRESSIVE;
				GCC_WARN_UNUSED_FUNCTION = YES;
				GCC_WARN_UNUSED_VARIABLE = YES;
				IPHONEOS_DEPLOYMENT_TARGET = 10.3;
				MTL_ENABLE_DEBUG_INFO = YES;
				ONLY_ACTIVE_ARCH = YES;
				SDKROOT = iphoneos;
				SWIFT_ACTIVE_COMPILATION_CONDITIONS = DEBUG;
				SWIFT_OPTIMIZATION_LEVEL = "-Onone";
				TARGETED_DEVICE_FAMILY = 2;
			};
			name = Debug;
		};
		174F172F1F50651B00382C2B /* Release */ = {
			isa = XCBuildConfiguration;
			buildSettings = {
				ALWAYS_SEARCH_USER_PATHS = NO;
				CLANG_ANALYZER_NONNULL = YES;
				CLANG_ANALYZER_NUMBER_OBJECT_CONVERSION = YES_AGGRESSIVE;
				CLANG_CXX_LANGUAGE_STANDARD = "gnu++0x";
				CLANG_CXX_LIBRARY = "libc++";
				CLANG_ENABLE_MODULES = YES;
				CLANG_ENABLE_OBJC_ARC = YES;
				CLANG_WARN_BOOL_CONVERSION = YES;
				CLANG_WARN_CONSTANT_CONVERSION = YES;
				CLANG_WARN_DIRECT_OBJC_ISA_USAGE = YES_ERROR;
				CLANG_WARN_DOCUMENTATION_COMMENTS = YES;
				CLANG_WARN_EMPTY_BODY = YES;
				CLANG_WARN_ENUM_CONVERSION = YES;
				CLANG_WARN_INFINITE_RECURSION = YES;
				CLANG_WARN_INT_CONVERSION = YES;
				CLANG_WARN_OBJC_ROOT_CLASS = YES_ERROR;
				CLANG_WARN_SUSPICIOUS_MOVE = YES;
				CLANG_WARN_UNREACHABLE_CODE = YES;
				CLANG_WARN__DUPLICATE_METHOD_MATCH = YES;
				"CODE_SIGN_IDENTITY[sdk=iphoneos*]" = "iPhone Developer";
				COPY_PHASE_STRIP = NO;
				DEBUG_INFORMATION_FORMAT = "dwarf-with-dsym";
				ENABLE_NS_ASSERTIONS = NO;
				ENABLE_STRICT_OBJC_MSGSEND = YES;
				GCC_C_LANGUAGE_STANDARD = gnu99;
				GCC_NO_COMMON_BLOCKS = YES;
				GCC_WARN_64_TO_32_BIT_CONVERSION = YES;
				GCC_WARN_ABOUT_RETURN_TYPE = YES_ERROR;
				GCC_WARN_UNDECLARED_SELECTOR = YES;
				GCC_WARN_UNINITIALIZED_AUTOS = YES_AGGRESSIVE;
				GCC_WARN_UNUSED_FUNCTION = YES;
				GCC_WARN_UNUSED_VARIABLE = YES;
				IPHONEOS_DEPLOYMENT_TARGET = 10.3;
				MTL_ENABLE_DEBUG_INFO = NO;
				SDKROOT = iphoneos;
				SWIFT_OPTIMIZATION_LEVEL = "-Owholemodule";
				TARGETED_DEVICE_FAMILY = 2;
				VALIDATE_PRODUCT = YES;
			};
			name = Release;
		};
		174F17311F50651B00382C2B /* Debug */ = {
			isa = XCBuildConfiguration;
			baseConfigurationReference = 056CE948B196FC311CE4EA49 /* Pods-ChalieVice.debug.xcconfig */;
			buildSettings = {
				ASSETCATALOG_COMPILER_APPICON_NAME = AppIcon;
				INFOPLIST_FILE = ChalieVice/Info.plist;
				LD_RUNPATH_SEARCH_PATHS = "$(inherited) @executable_path/Frameworks";
				PRODUCT_BUNDLE_IDENTIFIER = LiveArts.ChalieVice;
				PRODUCT_NAME = "$(TARGET_NAME)";
				SWIFT_VERSION = 3.0;
			};
			name = Debug;
		};
		174F17321F50651B00382C2B /* Release */ = {
			isa = XCBuildConfiguration;
			baseConfigurationReference = 69B15C74E236CF28FFFF0AA0 /* Pods-ChalieVice.release.xcconfig */;
			buildSettings = {
				ASSETCATALOG_COMPILER_APPICON_NAME = AppIcon;
				INFOPLIST_FILE = ChalieVice/Info.plist;
				LD_RUNPATH_SEARCH_PATHS = "$(inherited) @executable_path/Frameworks";
				PRODUCT_BUNDLE_IDENTIFIER = LiveArts.ChalieVice;
				PRODUCT_NAME = "$(TARGET_NAME)";
				SWIFT_VERSION = 3.0;
			};
			name = Release;
		};
		174F17341F50651B00382C2B /* Debug */ = {
			isa = XCBuildConfiguration;
			baseConfigurationReference = 72FCF93E7893296C1347430E /* Pods-ChalieViceTests.debug.xcconfig */;
			buildSettings = {
				ALWAYS_EMBED_SWIFT_STANDARD_LIBRARIES = YES;
				BUNDLE_LOADER = "$(TEST_HOST)";
				INFOPLIST_FILE = ChalieViceTests/Info.plist;
				LD_RUNPATH_SEARCH_PATHS = "$(inherited) @executable_path/Frameworks @loader_path/Frameworks";
				PRODUCT_BUNDLE_IDENTIFIER = LiveArts.ChalieViceTests;
				PRODUCT_NAME = "$(TARGET_NAME)";
				SWIFT_VERSION = 3.0;
				TEST_HOST = "$(BUILT_PRODUCTS_DIR)/ChalieVice.app/ChalieVice";
			};
			name = Debug;
		};
		174F17351F50651B00382C2B /* Release */ = {
			isa = XCBuildConfiguration;
			baseConfigurationReference = B658FE0187A741A08B145FF2 /* Pods-ChalieViceTests.release.xcconfig */;
			buildSettings = {
				ALWAYS_EMBED_SWIFT_STANDARD_LIBRARIES = YES;
				BUNDLE_LOADER = "$(TEST_HOST)";
				INFOPLIST_FILE = ChalieViceTests/Info.plist;
				LD_RUNPATH_SEARCH_PATHS = "$(inherited) @executable_path/Frameworks @loader_path/Frameworks";
				PRODUCT_BUNDLE_IDENTIFIER = LiveArts.ChalieViceTests;
				PRODUCT_NAME = "$(TARGET_NAME)";
				SWIFT_VERSION = 3.0;
				TEST_HOST = "$(BUILT_PRODUCTS_DIR)/ChalieVice.app/ChalieVice";
			};
			name = Release;
		};
		174F17371F50651B00382C2B /* Debug */ = {
			isa = XCBuildConfiguration;
			baseConfigurationReference = 662A956487BA464AE7E57C57 /* Pods-ChalieViceUITests.debug.xcconfig */;
			buildSettings = {
				ALWAYS_EMBED_SWIFT_STANDARD_LIBRARIES = YES;
				INFOPLIST_FILE = ChalieViceUITests/Info.plist;
				LD_RUNPATH_SEARCH_PATHS = "$(inherited) @executable_path/Frameworks @loader_path/Frameworks";
				PRODUCT_BUNDLE_IDENTIFIER = LiveArts.ChalieViceUITests;
				PRODUCT_NAME = "$(TARGET_NAME)";
				SWIFT_VERSION = 3.0;
				TEST_TARGET_NAME = ChalieVice;
			};
			name = Debug;
		};
		174F17381F50651B00382C2B /* Release */ = {
			isa = XCBuildConfiguration;
			baseConfigurationReference = AC63D7B8430093AAF390AE45 /* Pods-ChalieViceUITests.release.xcconfig */;
			buildSettings = {
				ALWAYS_EMBED_SWIFT_STANDARD_LIBRARIES = YES;
				INFOPLIST_FILE = ChalieViceUITests/Info.plist;
				LD_RUNPATH_SEARCH_PATHS = "$(inherited) @executable_path/Frameworks @loader_path/Frameworks";
				PRODUCT_BUNDLE_IDENTIFIER = LiveArts.ChalieViceUITests;
				PRODUCT_NAME = "$(TARGET_NAME)";
				SWIFT_VERSION = 3.0;
				TEST_TARGET_NAME = ChalieVice;
			};
			name = Release;
		};
/* End XCBuildConfiguration section */

/* Begin XCConfigurationList section */
		174F17031F50651B00382C2B /* Build configuration list for PBXProject "ChalieVice" */ = {
			isa = XCConfigurationList;
			buildConfigurations = (
				174F172E1F50651B00382C2B /* Debug */,
				174F172F1F50651B00382C2B /* Release */,
			);
			defaultConfigurationIsVisible = 0;
			defaultConfigurationName = Release;
		};
		174F17301F50651B00382C2B /* Build configuration list for PBXNativeTarget "ChalieVice" */ = {
			isa = XCConfigurationList;
			buildConfigurations = (
				174F17311F50651B00382C2B /* Debug */,
				174F17321F50651B00382C2B /* Release */,
			);
			defaultConfigurationIsVisible = 0;
			defaultConfigurationName = Release;
		};
		174F17331F50651B00382C2B /* Build configuration list for PBXNativeTarget "ChalieViceTests" */ = {
			isa = XCConfigurationList;
			buildConfigurations = (
				174F17341F50651B00382C2B /* Debug */,
				174F17351F50651B00382C2B /* Release */,
			);
			defaultConfigurationIsVisible = 0;
			defaultConfigurationName = Release;
		};
		174F17361F50651B00382C2B /* Build configuration list for PBXNativeTarget "ChalieViceUITests" */ = {
			isa = XCConfigurationList;
			buildConfigurations = (
				174F17371F50651B00382C2B /* Debug */,
				174F17381F50651B00382C2B /* Release */,
			);
			defaultConfigurationIsVisible = 0;
			defaultConfigurationName = Release;
		};
/* End XCConfigurationList section */
	};
	rootObject = 174F17001F50651B00382C2B /* Project object */;
}
